
Microsoft Visual Studio Solution File, Format Version 12.00
# Visual Studio Version 16
VisualStudioVersion = 16.0.35826.135
MinimumVisualStudioVersion = 10.0.40219.1
Project("{FAE04EC0-301F-11D3-BF4B-00C04F79EFBC}") = "itr_4", "itr_4\itr_4.csproj", "{0BF62760-E541-42C8-A568-4384F2C53D9D}"
EndProject
Global
	GlobalSection(SolutionConfigurationPlatforms) = preSolution
		Debug|Any CPU = Debug|Any CPU
		Release|Any CPU = Release|Any CPU
	EndGlobalSection
	GlobalSection(ProjectConfigurationPlatforms) = postSolution
		{0BF62760-E541-42C8-A568-4384F2C53D9D}.Debug|Any CPU.ActiveCfg = Debug|Any CPU
		{0BF62760-E541-42C8-A568-4384F2C53D9D}.Debug|Any CPU.Build.0 = Debug|Any CPU
		{0BF62760-E541-42C8-A568-4384F2C53D9D}.Release|Any CPU.ActiveCfg = Release|Any CPU
		{0BF62760-E541-42C8-A568-4384F2C53D9D}.Release|Any CPU.Build.0 = Release|Any CPU
	EndGlobalSection
	GlobalSection(SolutionProperties) = preSolution
		HideSolutionNode = FALSE
	EndGlobalSection
	GlobalSection(ExtensibilityGlobals) = postSolution
		SolutionGuid = {328EC82A-B4DE-4E9C-A708-E410A8DE5949}
	EndGlobalSection
EndGlobal
